
Microsoft Visual Studio Solution File, Format Version 12.00
# Visual Studio 15
VisualStudioVersion = 15.0.28010.2019
MinimumVisualStudioVersion = 10.0.40219.1
Project("{FAE04EC0-301F-11D3-BF4B-00C04F79EFBC}") = "TestDapper", "TestDapper\TestDapper.csproj", "{1BEFC84E-8E84-4BBF-9382-55D701983ED1}"
EndProject
Global
	GlobalSection(SolutionConfigurationPlatforms) = preSolution
		Debug|Any CPU = Debug|Any CPU
		Release|Any CPU = Release|Any CPU
	EndGlobalSection
	GlobalSection(ProjectConfigurationPlatforms) = postSolution
		{1BEFC84E-8E84-4BBF-9382-55D701983ED1}.Debug|Any CPU.ActiveCfg = Debug|Any CPU
		{1BEFC84E-8E84-4BBF-9382-55D701983ED1}.Debug|Any CPU.Build.0 = Debug|Any CPU
		{1BEFC84E-8E84-4BBF-9382-55D701983ED1}.Release|Any CPU.ActiveCfg = Release|Any CPU
		{1BEFC84E-8E84-4BBF-9382-55D701983ED1}.Release|Any CPU.Build.0 = Release|Any CPU
	EndGlobalSection
	GlobalSection(SolutionProperties) = preSolution
		HideSolutionNode = FALSE
	EndGlobalSection
	GlobalSection(ExtensibilityGlobals) = postSolution
		SolutionGuid = {D7B4A392-A1FC-4643-90C1-2766F3998D4F}
	EndGlobalSection
EndGlobal
